
Microsoft Visual Studio Solution File, Format Version 12.00
# Visual Studio 15
VisualStudioVersion = 15.0.28307.1231
MinimumVisualStudioVersion = 10.0.40219.1
Project("{FAE04EC0-301F-11D3-BF4B-00C04F79EFBC}") = "PGM", "ProbeGrapleMod\PGM.csproj", "{03E38356-FFE8-4FCE-BAA5-C09D4E2183E7}"
EndProject
Project("{FAE04EC0-301F-11D3-BF4B-00C04F79EFBC}") = "GrappleModInstaller", "GrappleModInstaller\GrappleModInstaller.csproj", "{D76AA204-1265-4785-A4AE-0EA9CAAFA1EE}"
EndProject
Project("{FAE04EC0-301F-11D3-BF4B-00C04F79EFBC}") = "DropableItemTest", "DropableItemTest\DropableItemTest.csproj", "{824F7362-83F2-467E-BDF1-49E94D7E57A2}"
EndProject
Global
	GlobalSection(SolutionConfigurationPlatforms) = preSolution
		Debug|Any CPU = Debug|Any CPU
		Release|Any CPU = Release|Any CPU
	EndGlobalSection
	GlobalSection(ProjectConfigurationPlatforms) = postSolution
		{03E38356-FFE8-4FCE-BAA5-C09D4E2183E7}.Debug|Any CPU.ActiveCfg = Debug|Any CPU
		{03E38356-FFE8-4FCE-BAA5-C09D4E2183E7}.Debug|Any CPU.Build.0 = Debug|Any CPU
		{03E38356-FFE8-4FCE-BAA5-C09D4E2183E7}.Release|Any CPU.ActiveCfg = Release|Any CPU
		{03E38356-FFE8-4FCE-BAA5-C09D4E2183E7}.Release|Any CPU.Build.0 = Release|Any CPU
		{D76AA204-1265-4785-A4AE-0EA9CAAFA1EE}.Debug|Any CPU.ActiveCfg = Debug|Any CPU
		{D76AA204-1265-4785-A4AE-0EA9CAAFA1EE}.Debug|Any CPU.Build.0 = Debug|Any CPU
		{D76AA204-1265-4785-A4AE-0EA9CAAFA1EE}.Release|Any CPU.ActiveCfg = Release|Any CPU
		{D76AA204-1265-4785-A4AE-0EA9CAAFA1EE}.Release|Any CPU.Build.0 = Release|Any CPU
		{824F7362-83F2-467E-BDF1-49E94D7E57A2}.Debug|Any CPU.ActiveCfg = Debug|Any CPU
		{824F7362-83F2-467E-BDF1-49E94D7E57A2}.Debug|Any CPU.Build.0 = Debug|Any CPU
		{824F7362-83F2-467E-BDF1-49E94D7E57A2}.Release|Any CPU.ActiveCfg = Release|Any CPU
		{824F7362-83F2-467E-BDF1-49E94D7E57A2}.Release|Any CPU.Build.0 = Release|Any CPU
	EndGlobalSection
	GlobalSection(SolutionProperties) = preSolution
		HideSolutionNode = FALSE
	EndGlobalSection
	GlobalSection(ExtensibilityGlobals) = postSolution
		SolutionGuid = {D2341919-A3EB-4D96-AAB3-66ABE889E00B}
	EndGlobalSection
EndGlobal
